
Microsoft Visual Studio Solution File, Format Version 12.00
# Visual Studio Version 16
VisualStudioVersion = 16.0.31624.102
MinimumVisualStudioVersion = 10.0.40219.1
Project("{8BC9CEB8-8B4A-11D0-8D11-00A0C91BC942}") = "TeamHomeWork", "TeamHomeWork\TeamHomeWork.vcxproj", "{D76E4EE7-0F37-46C4-8095-EF6A1B6EFF11}"
EndProject
Global
	GlobalSection(SolutionConfigurationPlatforms) = preSolution
		Debug|x64 = Debug|x64
		Debug|x86 = Debug|x86
		Release|x64 = Release|x64
		Release|x86 = Release|x86
	EndGlobalSection
	GlobalSection(ProjectConfigurationPlatforms) = postSolution
		{D76E4EE7-0F37-46C4-8095-EF6A1B6EFF11}.Debug|x64.ActiveCfg = Debug|x64
		{D76E4EE7-0F37-46C4-8095-EF6A1B6EFF11}.Debug|x64.Build.0 = Debug|x64
		{D76E4EE7-0F37-46C4-8095-EF6A1B6EFF11}.Debug|x86.ActiveCfg = Debug|Win32
		{D76E4EE7-0F37-46C4-8095-EF6A1B6EFF11}.Debug|x86.Build.0 = Debug|Win32
		{D76E4EE7-0F37-46C4-8095-EF6A1B6EFF11}.Release|x64.ActiveCfg = Release|x64
		{D76E4EE7-0F37-46C4-8095-EF6A1B6EFF11}.Release|x64.Build.0 = Release|x64
		{D76E4EE7-0F37-46C4-8095-EF6A1B6EFF11}.Release|x86.ActiveCfg = Release|Win32
		{D76E4EE7-0F37-46C4-8095-EF6A1B6EFF11}.Release|x86.Build.0 = Release|Win32
	EndGlobalSection
	GlobalSection(SolutionProperties) = preSolution
		HideSolutionNode = FALSE
	EndGlobalSection
	GlobalSection(ExtensibilityGlobals) = postSolution
		SolutionGuid = {BCB122A6-CCB1-4EC8-9E9A-946EC0009473}
	EndGlobalSection
EndGlobal
